
Microsoft Visual Studio Solution File, Format Version 12.00
# Visual Studio 15
VisualStudioVersion = 15.0.27130.2010
MinimumVisualStudioVersion = 10.0.40219.1
Project("{8BC9CEB8-8B4A-11D0-8D11-00A0C91BC942}") = "Parser", "Parser\Parser.vcxproj", "{77BE9964-7862-4D05-AFF0-B42718AAE386}"
EndProject
Project("{8BC9CEB8-8B4A-11D0-8D11-00A0C91BC942}") = "Tokenizer", "Tokenizer\Tokenizer.vcxproj", "{5632AB5E-C4AA-4119-9CDA-1A49176F2D52}"
EndProject
Project("{8BC9CEB8-8B4A-11D0-8D11-00A0C91BC942}") = "Utilities", "Utilities\Utilities.vcxproj", "{462B43B2-8B13-4178-BF2A-903F76F1985C}"
EndProject
Project("{8BC9CEB8-8B4A-11D0-8D11-00A0C91BC942}") = "GrammarHelpers", "GrammarHelpers\GrammarHelpers.vcxproj", "{119080C0-DA30-4A3C-85D6-37315067CB1A}"
EndProject
Project("{8BC9CEB8-8B4A-11D0-8D11-00A0C91BC942}") = "ScopeStack", "ScopeStack\ScopeStack.vcxproj", "{0AE7CD6E-0797-422E-8DB9-407E517624A5}"
EndProject
Project("{8BC9CEB8-8B4A-11D0-8D11-00A0C91BC942}") = "AbstractSyntaxTree", "AbstractSyntaxTree\AbstractSyntaxTree.vcxproj", "{53C7C53B-4D2F-4E71-9AF3-0B77DD0034B3}"
EndProject
Project("{8BC9CEB8-8B4A-11D0-8D11-00A0C91BC942}") = "FileMgr", "FileMgr\FileMgr.vcxproj", "{DDEE27FF-855E-4D10-AD7B-79CB8966EF13}"
EndProject
Project("{8BC9CEB8-8B4A-11D0-8D11-00A0C91BC942}") = "FileSystem", "FileSystem\FileSystem.vcxproj", "{04CB7A5F-7472-4F19-9EA9-00B80063658C}"
EndProject
Project("{8BC9CEB8-8B4A-11D0-8D11-00A0C91BC942}") = "Logger", "Logger\Logger.vcxproj", "{66D2C764-9DA8-4505-B869-8E84E8968F7C}"
EndProject
Project("{8BC9CEB8-8B4A-11D0-8D11-00A0C91BC942}") = "SemiExpression", "SemiExpression\SemiExpression.vcxproj", "{E7758FF7-9321-4A16-84ED-59743AB374CD}"
EndProject
Project("{8BC9CEB8-8B4A-11D0-8D11-00A0C91BC942}") = "Project2Starter", "Project2Starter\Project2Starter.vcxproj", "{027D7D6F-89A7-49DF-BAA9-1BD59D0FACA0}"
EndProject
Project("{8BC9CEB8-8B4A-11D0-8D11-00A0C91BC942}") = "DirExplorer", "DirExplorer\DirExplorer.vcxproj", "{3565DBC3-350D-4838-9C78-4AA5A8D67DBB}"
EndProject
Project("{8BC9CEB8-8B4A-11D0-8D11-00A0C91BC942}") = "Converter", "Converter\Converter.vcxproj", "{5D9B0AAA-4741-48FC-8BDB-B4E458ED9047}"
EndProject
Project("{8BC9CEB8-8B4A-11D0-8D11-00A0C91BC942}") = "dependency", "dependency\dependency.vcxproj", "{B8B0078F-A077-408A-A4C5-765824DA87B8}"
EndProject
Project("{8BC9CEB8-8B4A-11D0-8D11-00A0C91BC942}") = "Display", "Display\Display.vcxproj", "{3092FD18-AF7D-4632-8215-A95A83909434}"
EndProject
Project("{8BC9CEB8-8B4A-11D0-8D11-00A0C91BC942}") = "countTable", "countTable\countTable.vcxproj", "{4DF34F95-D018-420E-9D8A-CEEA17C108B9}"
EndProject
Project("{8BC9CEB8-8B4A-11D0-8D11-00A0C91BC942}") = "fileDisplay", "fileDisplay\fileDisplay.vcxproj", "{FF42D455-6328-40C7-8D8D-E04FE24F111D}"
EndProject
Project("{8BC9CEB8-8B4A-11D0-8D11-00A0C91BC942}") = "CodePublisher", "CodePublisher\CodePublisher.vcxproj", "{D288E19E-5DD0-487C-9725-67C1AF288B0D}"
EndProject
Project("{FAE04EC0-301F-11D3-BF4B-00C04F79EFBC}") = "WPF_CLI", "WPF_CLI\WPF_CLI.csproj", "{F5F00495-D8F8-4567-AC83-BE16D0539EBE}"
EndProject
Project("{8BC9CEB8-8B4A-11D0-8D11-00A0C91BC942}") = "Shim", "Shim\Shim.vcxproj", "{74274EA8-3B3A-4C94-9DEE-BEF1213ADAD1}"
EndProject
Global
	GlobalSection(SolutionConfigurationPlatforms) = preSolution
		Debug|Any CPU = Debug|Any CPU
		Debug|x64 = Debug|x64
		Debug|x86 = Debug|x86
		Release|Any CPU = Release|Any CPU
		Release|x64 = Release|x64
		Release|x86 = Release|x86
	EndGlobalSection
	GlobalSection(ProjectConfigurationPlatforms) = postSolution
		{77BE9964-7862-4D05-AFF0-B42718AAE386}.Debug|Any CPU.ActiveCfg = Debug|Win32
		{77BE9964-7862-4D05-AFF0-B42718AAE386}.Debug|x64.ActiveCfg = Debug|x64
		{77BE9964-7862-4D05-AFF0-B42718AAE386}.Debug|x64.Build.0 = Debug|x64
		{77BE9964-7862-4D05-AFF0-B42718AAE386}.Debug|x86.ActiveCfg = Debug|Win32
		{77BE9964-7862-4D05-AFF0-B42718AAE386}.Debug|x86.Build.0 = Debug|Win32
		{77BE9964-7862-4D05-AFF0-B42718AAE386}.Release|Any CPU.ActiveCfg = Release|Win32
		{77BE9964-7862-4D05-AFF0-B42718AAE386}.Release|x64.ActiveCfg = Release|x64
		{77BE9964-7862-4D05-AFF0-B42718AAE386}.Release|x64.Build.0 = Release|x64
		{77BE9964-7862-4D05-AFF0-B42718AAE386}.Release|x86.ActiveCfg = Release|Win32
		{77BE9964-7862-4D05-AFF0-B42718AAE386}.Release|x86.Build.0 = Release|Win32
		{5632AB5E-C4AA-4119-9CDA-1A49176F2D52}.Debug|Any CPU.ActiveCfg = Debug|Win32
		{5632AB5E-C4AA-4119-9CDA-1A49176F2D52}.Debug|x64.ActiveCfg = Debug|Win32
		{5632AB5E-C4AA-4119-9CDA-1A49176F2D52}.Debug|x86.ActiveCfg = Debug|Win32
		{5632AB5E-C4AA-4119-9CDA-1A49176F2D52}.Debug|x86.Build.0 = Debug|Win32
		{5632AB5E-C4AA-4119-9CDA-1A49176F2D52}.Release|Any CPU.ActiveCfg = Release|Win32
		{5632AB5E-C4AA-4119-9CDA-1A49176F2D52}.Release|x64.ActiveCfg = Release|Win32
		{5632AB5E-C4AA-4119-9CDA-1A49176F2D52}.Release|x86.ActiveCfg = Release|Win32
		{5632AB5E-C4AA-4119-9CDA-1A49176F2D52}.Release|x86.Build.0 = Release|Win32
		{462B43B2-8B13-4178-BF2A-903F76F1985C}.Debug|Any CPU.ActiveCfg = Debug|Win32
		{462B43B2-8B13-4178-BF2A-903F76F1985C}.Debug|x64.ActiveCfg = Debug|x64
		{462B43B2-8B13-4178-BF2A-903F76F1985C}.Debug|x64.Build.0 = Debug|x64
		{462B43B2-8B13-4178-BF2A-903F76F1985C}.Debug|x86.ActiveCfg = Debug|Win32
		{462B43B2-8B13-4178-BF2A-903F76F1985C}.Debug|x86.Build.0 = Debug|Win32
		{462B43B2-8B13-4178-BF2A-903F76F1985C}.Release|Any CPU.ActiveCfg = Release|Win32
		{462B43B2-8B13-4178-BF2A-903F76F1985C}.Release|x64.ActiveCfg = Release|x64
		{462B43B2-8B13-4178-BF2A-903F76F1985C}.Release|x64.Build.0 = Release|x64
		{462B43B2-8B13-4178-BF2A-903F76F1985C}.Release|x86.ActiveCfg = Release|Win32
		{462B43B2-8B13-4178-BF2A-903F76F1985C}.Release|x86.Build.0 = Release|Win32
		{119080C0-DA30-4A3C-85D6-37315067CB1A}.Debug|Any CPU.ActiveCfg = Debug|Win32
		{119080C0-DA30-4A3C-85D6-37315067CB1A}.Debug|x64.ActiveCfg = Debug|x64
		{119080C0-DA30-4A3C-85D6-37315067CB1A}.Debug|x64.Build.0 = Debug|x64
		{119080C0-DA30-4A3C-85D6-37315067CB1A}.Debug|x86.ActiveCfg = Debug|Win32
		{119080C0-DA30-4A3C-85D6-37315067CB1A}.Debug|x86.Build.0 = Debug|Win32
		{119080C0-DA30-4A3C-85D6-37315067CB1A}.Release|Any CPU.ActiveCfg = Release|Win32
		{119080C0-DA30-4A3C-85D6-37315067CB1A}.Release|x64.ActiveCfg = Release|x64
		{119080C0-DA30-4A3C-85D6-37315067CB1A}.Release|x64.Build.0 = Release|x64
		{119080C0-DA30-4A3C-85D6-37315067CB1A}.Release|x86.ActiveCfg = Release|Win32
		{119080C0-DA30-4A3C-85D6-37315067CB1A}.Release|x86.Build.0 = Release|Win32
		{0AE7CD6E-0797-422E-8DB9-407E517624A5}.Debug|Any CPU.ActiveCfg = Debug|Win32
		{0AE7CD6E-0797-422E-8DB9-407E517624A5}.Debug|x64.ActiveCfg = Debug|x64
		{0AE7CD6E-0797-422E-8DB9-407E517624A5}.Debug|x64.Build.0 = Debug|x64
		{0AE7CD6E-0797-422E-8DB9-407E517624A5}.Debug|x86.ActiveCfg = Debug|Win32
		{0AE7CD6E-0797-422E-8DB9-407E517624A5}.Debug|x86.Build.0 = Debug|Win32
		{0AE7CD6E-0797-422E-8DB9-407E517624A5}.Release|Any CPU.ActiveCfg = Release|Win32
		{0AE7CD6E-0797-422E-8DB9-407E517624A5}.Release|x64.ActiveCfg = Release|x64
		{0AE7CD6E-0797-422E-8DB9-407E517624A5}.Release|x64.Build.0 = Release|x64
		{0AE7CD6E-0797-422E-8DB9-407E517624A5}.Release|x86.ActiveCfg = Release|Win32
		{0AE7CD6E-0797-422E-8DB9-407E517624A5}.Release|x86.Build.0 = Release|Win32
		{53C7C53B-4D2F-4E71-9AF3-0B77DD0034B3}.Debug|Any CPU.ActiveCfg = Debug|Win32
		{53C7C53B-4D2F-4E71-9AF3-0B77DD0034B3}.Debug|x64.ActiveCfg = Debug|x64
		{53C7C53B-4D2F-4E71-9AF3-0B77DD0034B3}.Debug|x64.Build.0 = Debug|x64
		{53C7C53B-4D2F-4E71-9AF3-0B77DD0034B3}.Debug|x86.ActiveCfg = Debug|Win32
		{53C7C53B-4D2F-4E71-9AF3-0B77DD0034B3}.Debug|x86.Build.0 = Debug|Win32
		{53C7C53B-4D2F-4E71-9AF3-0B77DD0034B3}.Release|Any CPU.ActiveCfg = Release|Win32
		{53C7C53B-4D2F-4E71-9AF3-0B77DD0034B3}.Release|x64.ActiveCfg = Release|x64
		{53C7C53B-4D2F-4E71-9AF3-0B77DD0034B3}.Release|x64.Build.0 = Release|x64
		{53C7C53B-4D2F-4E71-9AF3-0B77DD0034B3}.Release|x86.ActiveCfg = Release|Win32
		{53C7C53B-4D2F-4E71-9AF3-0B77DD0034B3}.Release|x86.Build.0 = Release|Win32
		{DDEE27FF-855E-4D10-AD7B-79CB8966EF13}.Debug|Any CPU.ActiveCfg = Debug|Win32
		{DDEE27FF-855E-4D10-AD7B-79CB8966EF13}.Debug|x64.ActiveCfg = Debug|Win32
		{DDEE27FF-855E-4D10-AD7B-79CB8966EF13}.Debug|x86.ActiveCfg = Debug|Win32
		{DDEE27FF-855E-4D10-AD7B-79CB8966EF13}.Debug|x86.Build.0 = Debug|Win32
		{DDEE27FF-855E-4D10-AD7B-79CB8966EF13}.Release|Any CPU.ActiveCfg = Release|Win32
		{DDEE27FF-855E-4D10-AD7B-79CB8966EF13}.Release|x64.ActiveCfg = Release|Win32
		{DDEE27FF-855E-4D10-AD7B-79CB8966EF13}.Release|x86.ActiveCfg = Release|Win32
		{DDEE27FF-855E-4D10-AD7B-79CB8966EF13}.Release|x86.Build.0 = Release|Win32
		{04CB7A5F-7472-4F19-9EA9-00B80063658C}.Debug|Any CPU.ActiveCfg = Debug|Win32
		{04CB7A5F-7472-4F19-9EA9-00B80063658C}.Debug|x64.ActiveCfg = Debug|x64
		{04CB7A5F-7472-4F19-9EA9-00B80063658C}.Debug|x64.Build.0 = Debug|x64
		{04CB7A5F-7472-4F19-9EA9-00B80063658C}.Debug|x86.ActiveCfg = Debug|Win32
		{04CB7A5F-7472-4F19-9EA9-00B80063658C}.Debug|x86.Build.0 = Debug|Win32
		{04CB7A5F-7472-4F19-9EA9-00B80063658C}.Release|Any CPU.ActiveCfg = Release|Win32
		{04CB7A5F-7472-4F19-9EA9-00B80063658C}.Release|x64.ActiveCfg = Release|x64
		{04CB7A5F-7472-4F19-9EA9-00B80063658C}.Release|x64.Build.0 = Release|x64
		{04CB7A5F-7472-4F19-9EA9-00B80063658C}.Release|x86.ActiveCfg = Release|Win32
		{04CB7A5F-7472-4F19-9EA9-00B80063658C}.Release|x86.Build.0 = Release|Win32
		{66D2C764-9DA8-4505-B869-8E84E8968F7C}.Debug|Any CPU.ActiveCfg = Debug|Win32
		{66D2C764-9DA8-4505-B869-8E84E8968F7C}.Debug|x64.ActiveCfg = Debug|x64
		{66D2C764-9DA8-4505-B869-8E84E8968F7C}.Debug|x64.Build.0 = Debug|x64
		{66D2C764-9DA8-4505-B869-8E84E8968F7C}.Debug|x86.ActiveCfg = Debug|Win32
		{66D2C764-9DA8-4505-B869-8E84E8968F7C}.Debug|x86.Build.0 = Debug|Win32
		{66D2C764-9DA8-4505-B869-8E84E8968F7C}.Release|Any CPU.ActiveCfg = Release|Win32
		{66D2C764-9DA8-4505-B869-8E84E8968F7C}.Release|x64.ActiveCfg = Release|x64
		{66D2C764-9DA8-4505-B869-8E84E8968F7C}.Release|x64.Build.0 = Release|x64
		{66D2C764-9DA8-4505-B869-8E84E8968F7C}.Release|x86.ActiveCfg = Release|Win32
		{66D2C764-9DA8-4505-B869-8E84E8968F7C}.Release|x86.Build.0 = Release|Win32
		{E7758FF7-9321-4A16-84ED-59743AB374CD}.Debug|Any CPU.ActiveCfg = Debug|Win32
		{E7758FF7-9321-4A16-84ED-59743AB374CD}.Debug|x64.ActiveCfg = Debug|x64
		{E7758FF7-9321-4A16-84ED-59743AB374CD}.Debug|x64.Build.0 = Debug|x64
		{E7758FF7-9321-4A16-84ED-59743AB374CD}.Debug|x86.ActiveCfg = Debug|Win32
		{E7758FF7-9321-4A16-84ED-59743AB374CD}.Debug|x86.Build.0 = Debug|Win32
		{E7758FF7-9321-4A16-84ED-59743AB374CD}.Release|Any CPU.ActiveCfg = Release|Win32
		{E7758FF7-9321-4A16-84ED-59743AB374CD}.Release|x64.ActiveCfg = Release|x64
		{E7758FF7-9321-4A16-84ED-59743AB374CD}.Release|x64.Build.0 = Release|x64
		{E7758FF7-9321-4A16-84ED-59743AB374CD}.Release|x86.ActiveCfg = Release|Win32
		{E7758FF7-9321-4A16-84ED-59743AB374CD}.Release|x86.Build.0 = Release|Win32
		{027D7D6F-89A7-49DF-BAA9-1BD59D0FACA0}.Debug|Any CPU.ActiveCfg = Debug|Win32
		{027D7D6F-89A7-49DF-BAA9-1BD59D0FACA0}.Debug|x64.ActiveCfg = Debug|x64
		{027D7D6F-89A7-49DF-BAA9-1BD59D0FACA0}.Debug|x64.Build.0 = Debug|x64
		{027D7D6F-89A7-49DF-BAA9-1BD59D0FACA0}.Debug|x86.ActiveCfg = Debug|Win32
		{027D7D6F-89A7-49DF-BAA9-1BD59D0FACA0}.Debug|x86.Build.0 = Debug|Win32
		{027D7D6F-89A7-49DF-BAA9-1BD59D0FACA0}.Release|Any CPU.ActiveCfg = Release|Win32
		{027D7D6F-89A7-49DF-BAA9-1BD59D0FACA0}.Release|x64.ActiveCfg = Release|x64
		{027D7D6F-89A7-49DF-BAA9-1BD59D0FACA0}.Release|x64.Build.0 = Release|x64
		{027D7D6F-89A7-49DF-BAA9-1BD59D0FACA0}.Release|x86.ActiveCfg = Release|Win32
		{027D7D6F-89A7-49DF-BAA9-1BD59D0FACA0}.Release|x86.Build.0 = Release|Win32
		{3565DBC3-350D-4838-9C78-4AA5A8D67DBB}.Debug|Any CPU.ActiveCfg = Debug|Win32
		{3565DBC3-350D-4838-9C78-4AA5A8D67DBB}.Debug|x64.ActiveCfg = Debug|x64
		{3565DBC3-350D-4838-9C78-4AA5A8D67DBB}.Debug|x64.Build.0 = Debug|x64
		{3565DBC3-350D-4838-9C78-4AA5A8D67DBB}.Debug|x86.ActiveCfg = Debug|Win32
		{3565DBC3-350D-4838-9C78-4AA5A8D67DBB}.Debug|x86.Build.0 = Debug|Win32
		{3565DBC3-350D-4838-9C78-4AA5A8D67DBB}.Release|Any CPU.ActiveCfg = Release|Win32
		{3565DBC3-350D-4838-9C78-4AA5A8D67DBB}.Release|x64.ActiveCfg = Release|x64
		{3565DBC3-350D-4838-9C78-4AA5A8D67DBB}.Release|x64.Build.0 = Release|x64
		{3565DBC3-350D-4838-9C78-4AA5A8D67DBB}.Release|x86.ActiveCfg = Release|Win32
		{3565DBC3-350D-4838-9C78-4AA5A8D67DBB}.Release|x86.Build.0 = Release|Win32
		{5D9B0AAA-4741-48FC-8BDB-B4E458ED9047}.Debug|Any CPU.ActiveCfg = Debug|Win32
		{5D9B0AAA-4741-48FC-8BDB-B4E458ED9047}.Debug|x64.ActiveCfg = Debug|x64
		{5D9B0AAA-4741-48FC-8BDB-B4E458ED9047}.Debug|x64.Build.0 = Debug|x64
		{5D9B0AAA-4741-48FC-8BDB-B4E458ED9047}.Debug|x86.ActiveCfg = Debug|Win32
		{5D9B0AAA-4741-48FC-8BDB-B4E458ED9047}.Debug|x86.Build.0 = Debug|Win32
		{5D9B0AAA-4741-48FC-8BDB-B4E458ED9047}.Release|Any CPU.ActiveCfg = Release|Win32
		{5D9B0AAA-4741-48FC-8BDB-B4E458ED9047}.Release|x64.ActiveCfg = Release|x64
		{5D9B0AAA-4741-48FC-8BDB-B4E458ED9047}.Release|x64.Build.0 = Release|x64
		{5D9B0AAA-4741-48FC-8BDB-B4E458ED9047}.Release|x86.ActiveCfg = Release|Win32
		{5D9B0AAA-4741-48FC-8BDB-B4E458ED9047}.Release|x86.Build.0 = Release|Win32
		{B8B0078F-A077-408A-A4C5-765824DA87B8}.Debug|Any CPU.ActiveCfg = Debug|Win32
		{B8B0078F-A077-408A-A4C5-765824DA87B8}.Debug|x64.ActiveCfg = Debug|x64
		{B8B0078F-A077-408A-A4C5-765824DA87B8}.Debug|x64.Build.0 = Debug|x64
		{B8B0078F-A077-408A-A4C5-765824DA87B8}.Debug|x86.ActiveCfg = Debug|Win32
		{B8B0078F-A077-408A-A4C5-765824DA87B8}.Debug|x86.Build.0 = Debug|Win32
		{B8B0078F-A077-408A-A4C5-765824DA87B8}.Release|Any CPU.ActiveCfg = Release|Win32
		{B8B0078F-A077-408A-A4C5-765824DA87B8}.Release|x64.ActiveCfg = Release|x64
		{B8B0078F-A077-408A-A4C5-765824DA87B8}.Release|x64.Build.0 = Release|x64
		{B8B0078F-A077-408A-A4C5-765824DA87B8}.Release|x86.ActiveCfg = Release|Win32
		{B8B0078F-A077-408A-A4C5-765824DA87B8}.Release|x86.Build.0 = Release|Win32
		{3092FD18-AF7D-4632-8215-A95A83909434}.Debug|Any CPU.ActiveCfg = Debug|Win32
		{3092FD18-AF7D-4632-8215-A95A83909434}.Debug|x64.ActiveCfg = Debug|x64
		{3092FD18-AF7D-4632-8215-A95A83909434}.Debug|x64.Build.0 = Debug|x64
		{3092FD18-AF7D-4632-8215-A95A83909434}.Debug|x86.ActiveCfg = Debug|Win32
		{3092FD18-AF7D-4632-8215-A95A83909434}.Debug|x86.Build.0 = Debug|Win32
		{3092FD18-AF7D-4632-8215-A95A83909434}.Release|Any CPU.ActiveCfg = Release|Win32
		{3092FD18-AF7D-4632-8215-A95A83909434}.Release|x64.ActiveCfg = Release|x64
		{3092FD18-AF7D-4632-8215-A95A83909434}.Release|x64.Build.0 = Release|x64
		{3092FD18-AF7D-4632-8215-A95A83909434}.Release|x86.ActiveCfg = Release|Win32
		{3092FD18-AF7D-4632-8215-A95A83909434}.Release|x86.Build.0 = Release|Win32
		{4DF34F95-D018-420E-9D8A-CEEA17C108B9}.Debug|Any CPU.ActiveCfg = Debug|Win32
		{4DF34F95-D018-420E-9D8A-CEEA17C108B9}.Debug|x64.ActiveCfg = Debug|x64
		{4DF34F95-D018-420E-9D8A-CEEA17C108B9}.Debug|x64.Build.0 = Debug|x64
		{4DF34F95-D018-420E-9D8A-CEEA17C108B9}.Debug|x86.ActiveCfg = Debug|Win32
		{4DF34F95-D018-420E-9D8A-CEEA17C108B9}.Debug|x86.Build.0 = Debug|Win32
		{4DF34F95-D018-420E-9D8A-CEEA17C108B9}.Release|Any CPU.ActiveCfg = Release|Win32
		{4DF34F95-D018-420E-9D8A-CEEA17C108B9}.Release|x64.ActiveCfg = Release|x64
		{4DF34F95-D018-420E-9D8A-CEEA17C108B9}.Release|x64.Build.0 = Release|x64
		{4DF34F95-D018-420E-9D8A-CEEA17C108B9}.Release|x86.ActiveCfg = Release|Win32
		{4DF34F95-D018-420E-9D8A-CEEA17C108B9}.Release|x86.Build.0 = Release|Win32
		{FF42D455-6328-40C7-8D8D-E04FE24F111D}.Debug|Any CPU.ActiveCfg = Debug|Win32
		{FF42D455-6328-40C7-8D8D-E04FE24F111D}.Debug|x64.ActiveCfg = Debug|x64
		{FF42D455-6328-40C7-8D8D-E04FE24F111D}.Debug|x64.Build.0 = Debug|x64
		{FF42D455-6328-40C7-8D8D-E04FE24F111D}.Debug|x86.ActiveCfg = Debug|Win32
		{FF42D455-6328-40C7-8D8D-E04FE24F111D}.Debug|x86.Build.0 = Debug|Win32
		{FF42D455-6328-40C7-8D8D-E04FE24F111D}.Release|Any CPU.ActiveCfg = Release|Win32
		{FF42D455-6328-40C7-8D8D-E04FE24F111D}.Release|x64.ActiveCfg = Release|x64
		{FF42D455-6328-40C7-8D8D-E04FE24F111D}.Release|x64.Build.0 = Release|x64
		{FF42D455-6328-40C7-8D8D-E04FE24F111D}.Release|x86.ActiveCfg = Release|Win32
		{FF42D455-6328-40C7-8D8D-E04FE24F111D}.Release|x86.Build.0 = Release|Win32
		{D288E19E-5DD0-487C-9725-67C1AF288B0D}.Debug|Any CPU.ActiveCfg = Debug|Win32
		{D288E19E-5DD0-487C-9725-67C1AF288B0D}.Debug|x64.ActiveCfg = Debug|x64
		{D288E19E-5DD0-487C-9725-67C1AF288B0D}.Debug|x64.Build.0 = Debug|x64
		{D288E19E-5DD0-487C-9725-67C1AF288B0D}.Debug|x86.ActiveCfg = Debug|Win32
		{D288E19E-5DD0-487C-9725-67C1AF288B0D}.Debug|x86.Build.0 = Debug|Win32
		{D288E19E-5DD0-487C-9725-67C1AF288B0D}.Release|Any CPU.ActiveCfg = Release|Win32
		{D288E19E-5DD0-487C-9725-67C1AF288B0D}.Release|x64.ActiveCfg = Release|x64
		{D288E19E-5DD0-487C-9725-67C1AF288B0D}.Release|x64.Build.0 = Release|x64
		{D288E19E-5DD0-487C-9725-67C1AF288B0D}.Release|x86.ActiveCfg = Release|Win32
		{D288E19E-5DD0-487C-9725-67C1AF288B0D}.Release|x86.Build.0 = Release|Win32
		{F5F00495-D8F8-4567-AC83-BE16D0539EBE}.Debug|Any CPU.ActiveCfg = Debug|Any CPU
		{F5F00495-D8F8-4567-AC83-BE16D0539EBE}.Debug|Any CPU.Build.0 = Debug|Any CPU
		{F5F00495-D8F8-4567-AC83-BE16D0539EBE}.Debug|x64.ActiveCfg = Debug|Any CPU
		{F5F00495-D8F8-4567-AC83-BE16D0539EBE}.Debug|x64.Build.0 = Debug|Any CPU
		{F5F00495-D8F8-4567-AC83-BE16D0539EBE}.Debug|x86.ActiveCfg = Debug|Any CPU
		{F5F00495-D8F8-4567-AC83-BE16D0539EBE}.Debug|x86.Build.0 = Debug|Any CPU
		{F5F00495-D8F8-4567-AC83-BE16D0539EBE}.Release|Any CPU.ActiveCfg = Release|Any CPU
		{F5F00495-D8F8-4567-AC83-BE16D0539EBE}.Release|Any CPU.Build.0 = Release|Any CPU
		{F5F00495-D8F8-4567-AC83-BE16D0539EBE}.Release|x64.ActiveCfg = Release|Any CPU
		{F5F00495-D8F8-4567-AC83-BE16D0539EBE}.Release|x64.Build.0 = Release|Any CPU
		{F5F00495-D8F8-4567-AC83-BE16D0539EBE}.Release|x86.ActiveCfg = Release|Any CPU
		{F5F00495-D8F8-4567-AC83-BE16D0539EBE}.Release|x86.Build.0 = Release|Any CPU
		{74274EA8-3B3A-4C94-9DEE-BEF1213ADAD1}.Debug|Any CPU.ActiveCfg = Debug|Win32
		{74274EA8-3B3A-4C94-9DEE-BEF1213ADAD1}.Debug|x64.ActiveCfg = Debug|x64
		{74274EA8-3B3A-4C94-9DEE-BEF1213ADAD1}.Debug|x64.Build.0 = Debug|x64
		{74274EA8-3B3A-4C94-9DEE-BEF1213ADAD1}.Debug|x86.ActiveCfg = Debug|Win32
		{74274EA8-3B3A-4C94-9DEE-BEF1213ADAD1}.Debug|x86.Build.0 = Debug|Win32
		{74274EA8-3B3A-4C94-9DEE-BEF1213ADAD1}.Release|Any CPU.ActiveCfg = Release|Win32
		{74274EA8-3B3A-4C94-9DEE-BEF1213ADAD1}.Release|x64.ActiveCfg = Release|x64
		{74274EA8-3B3A-4C94-9DEE-BEF1213ADAD1}.Release|x64.Build.0 = Release|x64
		{74274EA8-3B3A-4C94-9DEE-BEF1213ADAD1}.Release|x86.ActiveCfg = Release|Win32
		{74274EA8-3B3A-4C94-9DEE-BEF1213ADAD1}.Release|x86.Build.0 = Release|Win32
	EndGlobalSection
	GlobalSection(SolutionProperties) = preSolution
		HideSolutionNode = FALSE
	EndGlobalSection
	GlobalSection(ExtensibilityGlobals) = postSolution
		SolutionGuid = {487EB306-C369-4F14-9997-0C910D20C4AF}
	EndGlobalSection
EndGlobal
